
Microsoft Visual Studio Solution File, Format Version 12.00
# Visual Studio Version 17
VisualStudioVersion = 17.11.35327.3
MinimumVisualStudioVersion = 10.0.40219.1
Project("{FAE04EC0-301F-11D3-BF4B-00C04F79EFBC}") = "Onellect", "Onellect.csproj", "{DD0EE0BF-00CF-4917-9A60-D6486A597B10}"
EndProject
Global
	GlobalSection(SolutionConfigurationPlatforms) = preSolution
		Debug|Any CPU = Debug|Any CPU
		Release|Any CPU = Release|Any CPU
	EndGlobalSection
	GlobalSection(ProjectConfigurationPlatforms) = postSolution
		{DD0EE0BF-00CF-4917-9A60-D6486A597B10}.Debug|Any CPU.ActiveCfg = Debug|Any CPU
		{DD0EE0BF-00CF-4917-9A60-D6486A597B10}.Debug|Any CPU.Build.0 = Debug|Any CPU
		{DD0EE0BF-00CF-4917-9A60-D6486A597B10}.Release|Any CPU.ActiveCfg = Release|Any CPU
		{DD0EE0BF-00CF-4917-9A60-D6486A597B10}.Release|Any CPU.Build.0 = Release|Any CPU
	EndGlobalSection
	GlobalSection(SolutionProperties) = preSolution
		HideSolutionNode = FALSE
	EndGlobalSection
	GlobalSection(ExtensibilityGlobals) = postSolution
		SolutionGuid = {6D26E803-AB0F-4416-A445-F71DFA78E23C}
	EndGlobalSection
EndGlobal
